{
  "name": "svarog-center",
  "version": "1.3.1",
  "description": "SVAROG TEAM Command Center",
  "main": "main.js",
  "scripts": {
    "start": "electron .",
    "dist:win": "electron-builder --win",
    "dist:mac": "electron-builder --mac",
    "dist:all": "electron-builder --win --mac"
  },
  "keywords": [
    "svarog",
    "electron"
  ],
  "author": "SVAROG TEAM",
  "license": "ISC",
  "dependencies": {
    "electron-updater": "^6.1.4"
  },
  "devDependencies": {
    "electron": "^26.6.10",
    "electron-builder": "^24.13.3"
  },
  "build": {
    "appId": "com.svarog.center",
    "productName": "SvarogCommandCenter",
    "copyright": "Copyright © 2026 SVAROG TEAM",
    "directories": {
      "output": "dist"
    },
    "publish": {
      "provider": "github",
      "owner": "blazhilinvladislav33-debug",
      "repo": "Svarog-Center",
      "private": false,
      "releaseType": "release"
    },
    "win": {
      "target": [
        "nsis"
      ]
    },
    "mac": {
      "target": [
        "dmg"
      ],
      "category": "public.app-category.utilities",
      "minimumSystemVersion": "10.13.0"
    },
    "nsis": {
      "oneClick": false,
      "allowToChangeInstallationDirectory": true,
      "installerSidebar": "installer-assets/sidebar.png",
      "installerHeader": "installer-assets/header.png",
      "uninstallerSidebar": "installer-assets/sidebar.png",
      "shortcutName": "Svarog CommandCenter",
      "uninstallDisplayName": "Svarog CommandCenter (Видалити)",
      "runAfterFinish": true,
      "createDesktopShortcut": true,
      "createStartMenuShortcut": true,
      "displayLanguageSelector": false
    }
  }
}
